{
  "requires": true,
  "lockfileVersion": 1,
  "dependencies": {
    "@angular/core": {
      "version": "9.0.7",
      "resolved": "https://registry.npmjs.org/@angular/core/-/core-9.0.7.tgz",
      "integrity": "sha512-E9XZH5Dl+9MWG3MDC6wrKllhA8Rljpz66HOIeqKv2fHPed8kzuJZU3WJWLtbhDAXFwtGTyTZ4c82ZLSmqwTorg=="
    },
    "ng2-search-filter": {
      "version": "0.5.1",
      "resolved": "https://registry.npmjs.org/ng2-search-filter/-/ng2-search-filter-0.5.1.tgz",
      "integrity": "sha512-noN8R+Gyxo5ZuboEOvq+u0zKio6pEf1IVYQTCZfAfXm6ONmzWu/M2xK0di9oVUprDbPBQXCGUuvD5i2GD+35HA=="
    }
  }
}
